// !$*UTF8*$!
{
	archiveVersion = 1;
	classes = {
	};
	objectVersion = 50;
	objects = {

/* Begin PBXBuildFile section */
		BEA4D06E240C240900F46F75 /* AppDelegate.swift in Sources */ = {isa = PBXBuildFile; fileRef = BEA4D06D240C240900F46F75 /* AppDelegate.swift */; };
		BEA4D070240C240900F46F75 /* SceneDelegate.swift in Sources */ = {isa = PBXBuildFile; fileRef = BEA4D06F240C240900F46F75 /* SceneDelegate.swift */; };
		BEA4D072240C240900F46F75 /* ViewController.swift in Sources */ = {isa = PBXBuildFile; fileRef = BEA4D071240C240900F46F75 /* ViewController.swift */; };
		BEA4D075240C240900F46F75 /* Main.storyboard in Resources */ = {isa = PBXBuildFile; fileRef = BEA4D073240C240900F46F75 /* Main.storyboard */; };
		BEA4D077240C240B00F46F75 /* Assets.xcassets in Resources */ = {isa = PBXBuildFile; fileRef = BEA4D076240C240B00F46F75 /* Assets.xcassets */; };
		BEA4D07A240C240B00F46F75 /* LaunchScreen.storyboard in Resources */ = {isa = PBXBuildFile; fileRef = BEA4D078240C240B00F46F75 /* LaunchScreen.storyboard */; };
		BED064BC241829A6001964C3 /* Cachorro.swift in Sources */ = {isa = PBXBuildFile; fileRef = BED064BB241829A6001964C3 /* Cachorro.swift */; };
/* End PBXBuildFile section */

/* Begin PBXFileReference section */
		BEA4D06A240C240900F46F75 /* Projeto42.app */ = {isa = PBXFileReference; explicitFileType = wrapper.application; includeInIndex = 0; path = Projeto42.app; sourceTree = BUILT_PRODUCTS_DIR; };
		BEA4D06D240C240900F46F75 /* AppDelegate.swift */ = {isa = PBXFileReference; lastKnownFileType = sourcecode.swift; path = AppDelegate.swift; sourceTree = "<group>"; };
		BEA4D06F240C240900F46F75 /* SceneDelegate.swift */ = {isa = PBXFileReference; lastKnownFileType = sourcecode.swift; path = SceneDelegate.swift; sourceTree = "<group>"; };
		BEA4D071240C240900F46F75 /* ViewController.swift */ = {isa = PBXFileReference; lastKnownFileType = sourcecode.swift; path = ViewController.swift; sourceTree = "<group>"; };
		BEA4D074240C240900F46F75 /* Base */ = {isa = PBXFileReference; lastKnownFileType = file.storyboard; name = Base; path = Base.lproj/Main.storyboard; sourceTree = "<group>"; };
		BEA4D076240C240B00F46F75 /* Assets.xcassets */ = {isa = PBXFileReference; lastKnownFileType = folder.assetcatalog; path = Assets.xcassets; sourceTree = "<group>"; };
		BEA4D079240C240B00F46F75 /* Base */ = {isa = PBXFileReference; lastKnownFileType = file.storyboard; name = Base; path = Base.lproj/LaunchScreen.storyboard; sourceTree = "<group>"; };
		BEA4D07B240C240B00F46F75 /* Info.plist */ = {isa = PBXFileReference; lastKnownFileType = text.plist.xml; path = Info.plist; sourceTree = "<group>"; };
		BED064BB241829A6001964C3 /* Cachorro.swift */ = {isa = PBXFileReference; lastKnownFileType = sourcecode.swift; path = Cachorro.swift; sourceTree = "<group>"; };
/* End PBXFileReference section */

/* Begin PBXFrameworksBuildPhase section */
		BEA4D067240C240900F46F75 /* Frameworks */ = {
			isa = PBXFrameworksBuildPhase;
			buildActionMask = 2147483647;
			files = (
			);
			runOnlyForDeploymentPostprocessing = 0;
		};
/* End PBXFrameworksBuildPhase section */

/* Begin PBXGroup section */
		BEA4D061240C240900F46F75 = {
			isa = PBXGroup;
			children = (
				BEA4D06C240C240900F46F75 /* Projeto42 */,
				BEA4D06B240C240900F46F75 /* Products */,
			);
			sourceTree = "<group>";
		};
		BEA4D06B240C240900F46F75 /* Products */ = {
			isa = PBXGroup;
			children = (
				BEA4D06A240C240900F46F75 /* Projeto42.app */,
			);
			name = Products;
			sourceTree = "<group>";
		};
		BEA4D06C240C240900F46F75 /* Projeto42 */ = {
			isa = PBXGroup;
			children = (
				BEA4D06D240C240900F46F75 /* AppDelegate.swift */,
				BEA4D06F240C240900F46F75 /* SceneDelegate.swift */,
				BEA4D073240C240900F46F75 /* Main.storyboard */,
				BEA4D071240C240900F46F75 /* ViewController.swift */,
				BED064BB241829A6001964C3 /* Cachorro.swift */,
				BEA4D076240C240B00F46F75 /* Assets.xcassets */,
				BEA4D078240C240B00F46F75 /* LaunchScreen.storyboard */,
				BEA4D07B240C240B00F46F75 /* Info.plist */,
			);
			path = Projeto42;
			sourceTree = "<group>";
		};
/* End PBXGroup section */

/* Begin PBXNativeTarget section */
		BEA4D069240C240900F46F75 /* Projeto42 */ = {
			isa = PBXNativeTarget;
			buildConfigurationList = BEA4D07E240C240B00F46F75 /* Build configuration list for PBXNativeTarget "Projeto42" */;
			buildPhases = (
				BEA4D066240C240900F46F75 /* Sources */,
				BEA4D067240C240900F46F75 /* Frameworks */,
				BEA4D068240C240900F46F75 /* Resources */,
			);
			buildRules = (
			);
			dependencies = (
			);
			name = Projeto42;
			productName = Projeto42;
			productReference = BEA4D06A240C240900F46F75 /* Projeto42.app */;
			productType = "com.apple.product-type.application";
		};
/* End PBXNativeTarget section */

/* Begin PBXProject section */
		BEA4D062240C240900F46F75 /* Project object */ = {
			isa = PBXProject;
			attributes = {
				LastSwiftUpdateCheck = 1130;
				LastUpgradeCheck = 1130;
				ORGANIZATIONNAME = "Alessandra Pereira";
				TargetAttributes = {
					BEA4D069240C240900F46F75 = {
						CreatedOnToolsVersion = 11.3.1;
					};
				};
			};
			buildConfigurationList = BEA4D065240C240900F46F75 /* Build configuration list for PBXProject "Projeto42" */;
			compatibilityVersion = "Xcode 9.3";
			developmentRegion = en;
			hasScannedForEncodings = 0;
			knownRegions = (
				en,
				Base,
			);
			mainGroup = BEA4D061240C240900F46F75;
			productRefGroup = BEA4D06B240C240900F46F75 /* Products */;
			projectDirPath = "";
			projectRoot = "";
			targets = (
				BEA4D069240C240900F46F75 /* Projeto42 */,
			);
		};
/* End PBXProject section */

/* Begin PBXResourcesBuildPhase section */
		BEA4D068240C240900F46F75 /* Resources */ = {
			isa = PBXResourcesBuildPhase;
			buildActionMask = 2147483647;
			files = (
				BEA4D07A240C240B00F46F75 /* LaunchScreen.storyboard in Resources */,
				BEA4D077240C240B00F46F75 /* Assets.xcassets in Resources */,
				BEA4D075240C240900F46F75 /* Main.storyboard in Resources */,
			);
			runOnlyForDeploymentPostprocessing = 0;
		};
/* End PBXResourcesBuildPhase section */

/* Begin PBXSourcesBuildPhase section */
		BEA4D066240C240900F46F75 /* Sources */ = {
			isa = PBXSourcesBuildPhase;
			buildActionMask = 2147483647;
			files = (
				BEA4D072240C240900F46F75 /* ViewController.swift in Sources */,
				BEA4D06E240C240900F46F75 /* AppDelegate.swift in Sources */,
				BED064BC241829A6001964C3 /* Cachorro.swift in Sources */,
				BEA4D070240C240900F46F75 /* SceneDelegate.swift in Sources */,
			);
			runOnlyForDeploymentPostprocessing = 0;
		};
/* End PBXSourcesBuildPhase section */

/* Begin PBXVariantGroup section */
		BEA4D073240C240900F46F75 /* Main.storyboard */ = {
			isa = PBXVariantGroup;
			children = (
				BEA4D074240C240900F46F75 /* Base */,
			);
			name = Main.storyboard;
			sourceTree = "<group>";
		};
		BEA4D078240C240B00F46F75 /* LaunchScreen.storyboard */ = {
			isa = PBXVariantGroup;
			children = (
				BEA4D079240C240B00F46F75 /* Base */,
			);
			name = LaunchScreen.storyboard;
			sourceTree = "<group>";
		};
/* End PBXVariantGroup section */

/* Begin XCBuildConfiguration section */
		BEA4D07C240C240B00F46F75 /* Debug */ = {
			isa = XCBuildConfiguration;
			buildSettings = {
				ALWAYS_SEARCH_USER_PATHS = NO;
				CLANG_ANALYZER_NONNULL = YES;
				CLANG_ANALYZER_NUMBER_OBJECT_CONVERSION = YES_AGGRESSIVE;
				CLANG_CXX_LANGUAGE_STANDARD = "gnu++14";
				CLANG_CXX_LIBRARY = "libc++";
				CLANG_ENABLE_MODULES = YES;
				CLANG_ENABLE_OBJC_ARC = YES;
				CLANG_ENABLE_OBJC_WEAK = YES;
				CLANG_WARN_BLOCK_CAPTURE_AUTORELEASING = YES;
				CLANG_WARN_BOOL_CONVERSION = YES;
				CLANG_WARN_COMMA = YES;
				CLANG_WARN_CONSTANT_CONVERSION = YES;
				CLANG_WARN_DEPRECATED_OBJC_IMPLEMENTATIONS = YES;
				CLANG_WARN_DIRECT_OBJC_ISA_USAGE = YES_ERROR;
				CLANG_WARN_DOCUMENTATION_COMMENTS = YES;
				CLANG_WARN_EMPTY_BODY = YES;
				CLANG_WARN_ENUM_CONVERSION = YES;
				CLANG_WARN_INFINITE_RECURSION = YES;
				CLANG_WARN_INT_CONVERSION = YES;
				CLANG_WARN_NON_LITERAL_NULL_CONVERSION = YES;
				CLANG_WARN_OBJC_IMPLICIT_RETAIN_SELF = YES;
				CLANG_WARN_OBJC_LITERAL_CONVERSION = YES;
				CLANG_WARN_OBJC_ROOT_CLASS = YES_ERROR;
				CLANG_WARN_RANGE_LOOP_ANALYSIS = YES;
				CLANG_WARN_STRICT_PROTOTYPES = YES;
				CLANG_WARN_SUSPICIOUS_MOVE = YES;
				CLANG_WARN_UNGUARDED_AVAILABILITY = YES_AGGRESSIVE;
				CLANG_WARN_UNREACHABLE_CODE = YES;
				CLANG_WARN__DUPLICATE_METHOD_MATCH = YES;
				COPY_PHASE_STRIP = NO;
				DEBUG_INFORMATION_FORMAT = dwarf;
				ENABLE_STRICT_OBJC_MSGSEND = YES;
				ENABLE_TESTABILITY = YES;
				GCC_C_LANGUAGE_STANDARD = gnu11;
				GCC_DYNAMIC_NO_PIC = NO;
				GCC_NO_COMMON_BLOCKS = YES;
				GCC_OPTIMIZATION_LEVEL = 0;
				GCC_PREPROCESSOR_DEFINITIONS = (
					"DEBUG=1",
					"$(inherited)",
				);
				GCC_WARN_64_TO_32_BIT_CONVERSION = YES;
				GCC_WARN_ABOUT_RETURN_TYPE = YES_ERROR;
				GCC_WARN_UNDECLARED_SELECTOR = YES;
				GCC_WARN_UNINITIALIZED_AUTOS = YES_AGGRESSIVE;
				GCC_WARN_UNUSED_FUNCTION = YES;
				GCC_WARN_UNUSED_VARIABLE = YES;
				IPHONEOS_DEPLOYMENT_TARGET = 13.2;
				MTL_ENABLE_DEBUG_INFO = INCLUDE_SOURCE;
				MTL_FAST_MATH = YES;
				ONLY_ACTIVE_ARCH = YES;
				SDKROOT = iphoneos;
				SWIFT_ACTIVE_COMPILATION_CONDITIONS = DEBUG;
				SWIFT_OPTIMIZATION_LEVEL = "-Onone";
			};
			name = Debug;
		};
		BEA4D07D240C240B00F46F75 /* Release */ = {
			isa = XCBuildConfiguration;
			buildSettings = {
				ALWAYS_SEARCH_USER_PATHS = NO;
				CLANG_ANALYZER_NONNULL = YES;
				CLANG_ANALYZER_NUMBER_OBJECT_CONVERSION = YES_AGGRESSIVE;
				CLANG_CXX_LANGUAGE_STANDARD = "gnu++14";
				CLANG_CXX_LIBRARY = "libc++";
				CLANG_ENABLE_MODULES = YES;
				CLANG_ENABLE_OBJC_ARC = YES;
				CLANG_ENABLE_OBJC_WEAK = YES;
				CLANG_WARN_BLOCK_CAPTURE_AUTORELEASING = YES;
				CLANG_WARN_BOOL_CONVERSION = YES;
				CLANG_WARN_COMMA = YES;
				CLANG_WARN_CONSTANT_CONVERSION = YES;
				CLANG_WARN_DEPRECATED_OBJC_IMPLEMENTATIONS = YES;
				CLANG_WARN_DIRECT_OBJC_ISA_USAGE = YES_ERROR;
				CLANG_WARN_DOCUMENTATION_COMMENTS = YES;
				CLANG_WARN_EMPTY_BODY = YES;
				CLANG_WARN_ENUM_CONVERSION = YES;
				CLANG_WARN_INFINITE_RECURSION = YES;
				CLANG_WARN_INT_CONVERSION = YES;
				CLANG_WARN_NON_LITERAL_NULL_CONVERSION = YES;
				CLANG_WARN_OBJC_IMPLICIT_RETAIN_SELF = YES;
				CLANG_WARN_OBJC_LITERAL_CONVERSION = YES;
				CLANG_WARN_OBJC_ROOT_CLASS = YES_ERROR;
				CLANG_WARN_RANGE_LOOP_ANALYSIS = YES;
				CLANG_WARN_STRICT_PROTOTYPES = YES;
				CLANG_WARN_SUSPICIOUS_MOVE = YES;
				CLANG_WARN_UNGUARDED_AVAILABILITY = YES_AGGRESSIVE;
				CLANG_WARN_UNREACHABLE_CODE = YES;
				CLANG_WARN__DUPLICATE_METHOD_MATCH = YES;
				COPY_PHASE_STRIP = NO;
				DEBUG_INFORMATION_FORMAT = "dwarf-with-dsym";
				ENABLE_NS_ASSERTIONS = NO;
				ENABLE_STRICT_OBJC_MSGSEND = YES;
				GCC_C_LANGUAGE_STANDARD = gnu11;
				GCC_NO_COMMON_BLOCKS = YES;
				GCC_WARN_64_TO_32_BIT_CONVERSION = YES;
				GCC_WARN_ABOUT_RETURN_TYPE = YES_ERROR;
				GCC_WARN_UNDECLARED_SELECTOR = YES;
				GCC_WARN_UNINITIALIZED_AUTOS = YES_AGGRESSIVE;
				GCC_WARN_UNUSED_FUNCTION = YES;
				GCC_WARN_UNUSED_VARIABLE = YES;
				IPHONEOS_DEPLOYMENT_TARGET = 13.2;
				MTL_ENABLE_DEBUG_INFO = NO;
				MTL_FAST_MATH = YES;
				SDKROOT = iphoneos;
				SWIFT_COMPILATION_MODE = wholemodule;
				SWIFT_OPTIMIZATION_LEVEL = "-O";
				VALIDATE_PRODUCT = YES;
			};
			name = Release;
		};
		BEA4D07F240C240B00F46F75 /* Debug */ = {
			isa = XCBuildConfiguration;
			buildSettings = {
				ASSETCATALOG_COMPILER_APPICON_NAME = AppIcon;
				CODE_SIGN_STYLE = Automatic;
				INFOPLIST_FILE = Projeto42/Info.plist;
				LD_RUNPATH_SEARCH_PATHS = (
					"$(inherited)",
					"@executable_path/Frameworks",
				);
				PRODUCT_BUNDLE_IDENTIFIER = br.ufpe.cin.academy.Projeto42;
				PRODUCT_NAME = "$(TARGET_NAME)";
				SWIFT_VERSION = 5.0;
				TARGETED_DEVICE_FAMILY = "1,2";
			};
			name = Debug;
		};
		BEA4D080240C240B00F46F75 /* Release */ = {
			isa = XCBuildConfiguration;
			buildSettings = {
				ASSETCATALOG_COMPILER_APPICON_NAME = AppIcon;
				CODE_SIGN_STYLE = Automatic;
				INFOPLIST_FILE = Projeto42/Info.plist;
				LD_RUNPATH_SEARCH_PATHS = (
					"$(inherited)",
					"@executable_path/Frameworks",
				);
				PRODUCT_BUNDLE_IDENTIFIER = br.ufpe.cin.academy.Projeto42;
				PRODUCT_NAME = "$(TARGET_NAME)";
				SWIFT_VERSION = 5.0;
				TARGETED_DEVICE_FAMILY = "1,2";
			};
			name = Release;
		};
/* End XCBuildConfiguration section */

/* Begin XCConfigurationList section */
		BEA4D065240C240900F46F75 /* Build configuration list for PBXProject "Projeto42" */ = {
			isa = XCConfigurationList;
			buildConfigurations = (
				BEA4D07C240C240B00F46F75 /* Debug */,
				BEA4D07D240C240B00F46F75 /* Release */,
			);
			defaultConfigurationIsVisible = 0;
			defaultConfigurationName = Release;
		};
		BEA4D07E240C240B00F46F75 /* Build configuration list for PBXNativeTarget "Projeto42" */ = {
			isa = XCConfigurationList;
			buildConfigurations = (
				BEA4D07F240C240B00F46F75 /* Debug */,
				BEA4D080240C240B00F46F75 /* Release */,
			);
			defaultConfigurationIsVisible = 0;
			defaultConfigurationName = Release;
		};
/* End XCConfigurationList section */
	};
	rootObject = BEA4D062240C240900F46F75 /* Project object */;
}
